
Microsoft Visual Studio Solution File, Format Version 12.00
# Visual Studio Version 17
VisualStudioVersion = 17.9.34622.214
MinimumVisualStudioVersion = 10.0.40219.1
Project("{FAE04EC0-301F-11D3-BF4B-00C04F79EFBC}") = "Task01", "Task01.csproj", "{4383F5D6-6B2F-4B25-9556-D5E99850ACDA}"
EndProject
Global
	GlobalSection(SolutionConfigurationPlatforms) = preSolution
		Debug|Any CPU = Debug|Any CPU
		Release|Any CPU = Release|Any CPU
	EndGlobalSection
	GlobalSection(ProjectConfigurationPlatforms) = postSolution
		{4383F5D6-6B2F-4B25-9556-D5E99850ACDA}.Debug|Any CPU.ActiveCfg = Debug|Any CPU
		{4383F5D6-6B2F-4B25-9556-D5E99850ACDA}.Debug|Any CPU.Build.0 = Debug|Any CPU
		{4383F5D6-6B2F-4B25-9556-D5E99850ACDA}.Release|Any CPU.ActiveCfg = Release|Any CPU
		{4383F5D6-6B2F-4B25-9556-D5E99850ACDA}.Release|Any CPU.Build.0 = Release|Any CPU
	EndGlobalSection
	GlobalSection(SolutionProperties) = preSolution
		HideSolutionNode = FALSE
	EndGlobalSection
	GlobalSection(ExtensibilityGlobals) = postSolution
		SolutionGuid = {CD6E8444-6515-4C9E-99DC-101801AD14E3}
	EndGlobalSection
EndGlobal
